
Microsoft Visual Studio Solution File, Format Version 12.00
# Visual Studio Version 17
VisualStudioVersion = 17.14.36221.1 d17.14
MinimumVisualStudioVersion = 10.0.40219.1
Project("{8BC9CEB8-8B4A-11D0-8D11-00A0C91BC942}") = "Launcher", "Launcher\Launcher.vcxproj", "{845998D7-5E87-4B7B-816E-B7C6FE36A836}"
EndProject
Global
	GlobalSection(SolutionConfigurationPlatforms) = preSolution
		Debug|x64 = Debug|x64
		Debug|x86 = Debug|x86
		Release|x64 = Release|x64
		Release|x86 = Release|x86
	EndGlobalSection
	GlobalSection(ProjectConfigurationPlatforms) = postSolution
		{845998D7-5E87-4B7B-816E-B7C6FE36A836}.Debug|x64.ActiveCfg = Debug|x64
		{845998D7-5E87-4B7B-816E-B7C6FE36A836}.Debug|x64.Build.0 = Debug|x64
		{845998D7-5E87-4B7B-816E-B7C6FE36A836}.Debug|x86.ActiveCfg = Debug|Win32
		{845998D7-5E87-4B7B-816E-B7C6FE36A836}.Debug|x86.Build.0 = Debug|Win32
		{845998D7-5E87-4B7B-816E-B7C6FE36A836}.Release|x64.ActiveCfg = Release|x64
		{845998D7-5E87-4B7B-816E-B7C6FE36A836}.Release|x64.Build.0 = Release|x64
		{845998D7-5E87-4B7B-816E-B7C6FE36A836}.Release|x86.ActiveCfg = Release|Win32
		{845998D7-5E87-4B7B-816E-B7C6FE36A836}.Release|x86.Build.0 = Release|Win32
	EndGlobalSection
	GlobalSection(SolutionProperties) = preSolution
		HideSolutionNode = FALSE
	EndGlobalSection
	GlobalSection(ExtensibilityGlobals) = postSolution
		SolutionGuid = {FCAA0B42-CFA0-4AB1-A1C1-8AF440A6AEED}
	EndGlobalSection
EndGlobal
